# This file is automatically @generated by Cargo.
# It is not intended for manual editing.
version = 3

[[package]]
name = "itunes-xml"
version = "0.1.0"
dependencies = [
 "xml-rs",
]

[[package]]
name = "xml-rs"
version = "0.8.13"
source = "registry+https://github.com/rust-lang/crates.io-index"
checksum = "2d8f380ae16a37b30e6a2cf67040608071384b1450c189e61bea3ff57cde922d"
